lockfileVersion: '6.0'

dependencies:
  '@trpc/client':
    specifier: ^10.38.2
    version: 10.38.2(@trpc/server@10.38.2)
  undici:
    specifier: ^5.14.0
    version: 5.14.0

devDependencies:
  '@types/node':
    specifier: ^18.16.16
    version: 18.16.16

packages:

  /@trpc/client@10.38.2(@trpc/server@10.38.2):
    resolution: {integrity: sha512-M76i9952a5qa+X1dekhn359jVnCrGrM/BH4Woc4O/RdSpEG7xQbwUHhQv1Y75lQ/+feVRUMooD7u3NtZ0/TVUQ==}
    peerDependencies:
      '@trpc/server': 10.38.2
    dependencies:
      '@trpc/server': 10.38.2
    dev: false

  /@trpc/server@10.38.2:
    resolution: {integrity: sha512-Jz+ebylbqz0XDkCgpVMNs8XutjmvvMFPCP+7km1EyGkF7EbWEdDGV9GC7EqzU1aC5ATt75Qta6TnR0p0kYtNFA==}
    dev: false

  /@types/node@18.16.16:
    resolution: {integrity: sha512-NpaM49IGQQAUlBhHMF82QH80J08os4ZmyF9MkpCzWAGuOHqE4gTEbhzd7L3l5LmWuZ6E0OiC1FweQ4tsiW35+g==}
    dev: true

  /busboy@1.6.0:
    resolution: {integrity: sha512-8SFQbg/0hQ9xy3UNTB0YEnsNBbWfhf7RtnzpL7TkBiTBRfrQ9Fxcnz7VJsleJpyp6rVLvXiuORqjlHi5q+PYuA==}
    engines: {node: '>=10.16.0'}
    dependencies:
      streamsearch: 1.1.0
    dev: false

  /streamsearch@1.1.0:
    resolution: {integrity: sha512-Mcc5wHehp9aXz1ax6bZUyY5afg9u2rv5cqQI3mRrYkGC8rW2hM02jWuwjtL++LS5qinSyhj2QfLyNsuc+VsExg==}
    engines: {node: '>=10.0.0'}
    dev: false

  /undici@5.14.0:
    resolution: {integrity: sha512-yJlHYw6yXPPsuOH0x2Ib1Km61vu4hLiRRQoafs+WUgX1vO64vgnxiCEN9dpIrhZyHFsai3F0AEj4P9zy19enEQ==}
    engines: {node: '>=12.18'}
    dependencies:
      busboy: 1.6.0
    dev: false
